
Microsoft Visual Studio Solution File, Format Version 12.00
# Visual Studio Version 17
VisualStudioVersion = 17.0.31410.414
MinimumVisualStudioVersion = 10.0.40219.1
Project("{FAE04EC0-301F-11D3-BF4B-00C04F79EFBC}") = "Splitgate-AnticheatBypass", "Splitgate-AnticheatBypass\Splitgate-AnticheatBypass.csproj", "{8AD9E3EF-8ABE-4E9F-B632-DF6B0C3E3662}"
EndProject
Global
	GlobalSection(SolutionConfigurationPlatforms) = preSolution
		Debug|Any CPU = Debug|Any CPU
		Release|Any CPU = Release|Any CPU
	EndGlobalSection
	GlobalSection(ProjectConfigurationPlatforms) = postSolution
		{8AD9E3EF-8ABE-4E9F-B632-DF6B0C3E3662}.Debug|Any CPU.ActiveCfg = Debug|Any CPU
		{8AD9E3EF-8ABE-4E9F-B632-DF6B0C3E3662}.Debug|Any CPU.Build.0 = Debug|Any CPU
		{8AD9E3EF-8ABE-4E9F-B632-DF6B0C3E3662}.Release|Any CPU.ActiveCfg = Release|Any CPU
		{8AD9E3EF-8ABE-4E9F-B632-DF6B0C3E3662}.Release|Any CPU.Build.0 = Release|Any CPU
	EndGlobalSection
	GlobalSection(SolutionProperties) = preSolution
		HideSolutionNode = FALSE
	EndGlobalSection
	GlobalSection(ExtensibilityGlobals) = postSolution
		SolutionGuid = {11229D94-A415-4A6B-9F32-DC7B5236BEE5}
	EndGlobalSection
EndGlobal
